github.com/Micah-Shallom/golang_CLI_applications/todo v0.0.0-20231226220937-6fb3c3725839 h1:bQhoWYjRl/v6WS/09GXhneVL16g8bcgLPLoymXBespQ=
github.com/Micah-Shallom/golang_CLI_applications/todo v0.0.0-20231226220937-6fb3c3725839/go.mod h1:L1FLqsIli/184Ho5+ro2sHk0RbZmNxGYPojFIxlCQD8=
github.com/felixge/httpsnoop v1.0.3 h1:s/nj+GCswXYzN5v2DpNMuMQYe+0DDwt5WVCU6CWBdXk=
github.com/felixge/httpsnoop v1.0.3/go.mod h1:m8KPJKqk1gH5J9DgRY2ASl2lWCfGKXixSwevea8zH2U=
github.com/gorilla/handlers v1.5.2 h1:cLTUSsNkgcwhgRqvCNmdbRWG0A3N4F+M2nWKdScwyEE=
github.com/gorilla/handlers v1.5.2/go.mod h1:dX+xVpaxdSw+q0Qek8SSsl3dfMk3jNddUkMzo0GtH0w=
